{
  "name": "@writetome51/public-array-getter",
  "version": "1.0.2",
  "lockfileVersion": 1,
  "requires": true,
  "dependencies": {
    "@writetome51/adjacent-to-value-info-interface": {
      "version": "1.0.2",
      "resolved": "https://registry.npmjs.org/@writetome51/adjacent-to-value-info-interface/-/adjacent-to-value-info-interface-1.0.2.tgz",
      "integrity": "sha512-rjqcohcCvzKfwLN+jyE1hHu3gfg1vgfChHFkCDctISj1cyBZQScQ8+dkGlF5wkWpIdwAhHh6VOPcfu9cfNEZ2Q=="
    },
    "@writetome51/array-and-index-validation": {
      "version": "1.0.3",
      "resolved": "https://registry.npmjs.org/@writetome51/array-and-index-validation/-/array-and-index-validation-1.0.3.tgz",
      "integrity": "sha512-l+SZ7APB/PVO1V3P20pQfG9jWKtIr06+aafur8sacuQbZEsrBmJ5DIrlK2Q58D8rM58Btvq5WvIs9s8SsDyXnQ==",
      "requires": {
        "basic-data-handling": "~1.0.13"
      }
    },
    "@writetome51/array-get-adjacent-at": {
      "version": "1.0.2",
      "resolved": "https://registry.npmjs.org/@writetome51/array-get-adjacent-at/-/array-get-adjacent-at-1.0.2.tgz",
      "integrity": "sha512-ou+gBnEt92QCrs8KrjPb6Mp0J6JAEJ3ldtNxUug0g0EAD6iac42Qklcjm1KSylboXxJf2AZHXlUNfFQLzfk2jw==",
      "requires": {
        "@writetome51/array-and-index-validation": "~1.0.3",
        "basic-data-handling": "~1.0.13"
      }
    },
    "@writetome51/array-get-adjacent-to-value": {
      "version": "1.0.2",
      "resolved": "https://registry.npmjs.org/@writetome51/array-get-adjacent-to-value/-/array-get-adjacent-to-value-1.0.2.tgz",
      "integrity": "sha512-79Objuh8k5z1XPa9PpXtxHQOgUPrMPA1WVoQLJAY7X3lFf8MDrkhhWOQxsNK/dYRK+wGV9Mq3mYuOWKgsPZV2w==",
      "requires": {
        "@writetome51/adjacent-to-value-info-interface": "~1.0.2",
        "@writetome51/array-and-index-validation": "~1.0.3",
        "@writetome51/array-get-adjacent-at": "~1.0.2",
        "@writetome51/array-get-indexes-basic": "~1.0.7",
        "basic-data-handling": "~1.0.13"
      }
    },
    "@writetome51/array-get-all-after-before-first": {
      "version": "1.0.2",
      "resolved": "https://registry.npmjs.org/@writetome51/array-get-all-after-before-first/-/array-get-all-after-before-first-1.0.2.tgz",
      "integrity": "sha512-B5Ulb/Z8P5welcSPf0nl99tYKozcoZF1ODTVBZBWW9IxQWZVE2kqHEcWNaRy/hsHzeRDNkS9WdKtOkOVz31WsA==",
      "requires": {
        "@writetome51/array-get-all-before-after-index": "~1.0.2",
        "@writetome51/array-get-indexes-basic": "~1.0.7"
      }
    },
    "@writetome51/array-get-all-after-before-last": {
      "version": "1.0.2",
      "resolved": "https://registry.npmjs.org/@writetome51/array-get-all-after-before-last/-/array-get-all-after-before-last-1.0.2.tgz",
      "integrity": "sha512-Eu1F3DokJO8TbvJwDBEtwqCY5YPYPN7w6dGOxp5oA87Ns12Vi6oxRWXxbpg43U7Sz6McH4bpj6QkV08Cjv5tFA==",
      "requires": {
        "@writetome51/array-get-all-before-after-index": "~1.0.2",
        "@writetome51/array-get-indexes-intermediate": "~1.0.5"
      }
    },
    "@writetome51/array-get-all-before-after-index": {
      "version": "1.0.2",
      "resolved": "https://registry.npmjs.org/@writetome51/array-get-all-before-after-index/-/array-get-all-before-after-index-1.0.2.tgz",
      "integrity": "sha512-3nOz1ckBjJ2Lx1//CHUwmtQ5fL9g128Palqz9zGK2op1CPl2GoFDx+AGrIIs3qt8afHBMj0O/humG5DNmbcrlg==",
      "requires": {
        "@writetome51/array-and-index-validation": "~1.0.2",
        "@writetome51/array-get-head-tail": "~1.0.3"
      }
    },
    "@writetome51/array-get-between": {
      "version": "1.0.2",
      "resolved": "https://registry.npmjs.org/@writetome51/array-get-between/-/array-get-between-1.0.2.tgz",
      "integrity": "sha512-sY5uyZjSm26KVGfmot6fqJ22EdW2TDLhgi6Ucl9CqbFsaWEJymFSUG4Ti9/jn2KUa8zn7MQVpdA88AmtysIf/Q==",
      "requires": {
        "@writetome51/array-get-adjacent-at": "~1.0.2",
        "basic-data-handling": "~1.0.13"
      }
    },
    "@writetome51/array-get-by-index": {
      "version": "1.0.1",
      "resolved": "https://registry.npmjs.org/@writetome51/array-get-by-index/-/array-get-by-index-1.0.1.tgz",
      "integrity": "sha512-v+I8IIRtMLU/POBxIZWKqrrF4D4arSZShfUpBFXpRaCjRRsq5513nYzruKLTnSAcOS++wRuh5P5wyaITXRr+Fg==",
      "requires": {
        "@writetome51/array-and-index-validation": "~1.0.3"
      }
    },
    "@writetome51/array-get-by-indexes": {
      "version": "1.0.2",
      "resolved": "https://registry.npmjs.org/@writetome51/array-get-by-indexes/-/array-get-by-indexes-1.0.2.tgz",
      "integrity": "sha512-gaX/agvHRw/BwopJM50EVyudsnulKXDNb+bWHDMncLDuZAkJLg9nspG3PxzbSaWidHVdd8AspnMGtF65xsUW7w==",
      "requires": {
        "@writetome51/array-get-by-index": "~1.0.1",
        "error-if-values-are-not-arrays": "~1.0.2"
      }
    },
    "@writetome51/array-get-copy": {
      "version": "1.1.1",
      "resolved": "https://registry.npmjs.org/@writetome51/array-get-copy/-/array-get-copy-1.1.1.tgz",
      "integrity": "sha512-tByj8yi8qttZ7zs3PUJDe5ywAGw1r5zUvaIdSdyVqftbwK+sNNUxRCRxmrG1msseRZLjdy0bRYn1Go4wDbLYpw==",
      "requires": {
        "@writetome51/array-get-merged-arrays": "~1.1.0",
        "basic-data-handling": "~1.0.13"
      }
    },
    "@writetome51/array-get-duplicates": {
      "version": "1.1.1",
      "resolved": "https://registry.npmjs.org/@writetome51/array-get-duplicates/-/array-get-duplicates-1.1.1.tgz",
      "integrity": "sha512-hAIE5LM1ertrpQwKekNGyC7uBw/r9/8nNFSn47C6Yx0hKAyscZMEBmLBDr9pbp35FGU4UntfHVRUsWctU3IQlw==",
      "requires": {
        "@writetome51/array-get-indexes-intermediate": "~1.0.5",
        "@writetome51/array-get-unique-items": "~1.1.0",
        "basic-data-handling": "~1.0.13"
      }
    },
    "@writetome51/array-get-filtered-results": {
      "version": "2.0.2",
      "resolved": "https://registry.npmjs.org/@writetome51/array-get-filtered-results/-/array-get-filtered-results-2.0.2.tgz",
      "integrity": "sha512-CH7GLur1IBD16a8yXz6uMuYLMWfBukAnQpKKZ174Az+usecw9xp5xg9ywcgQLqSrucBdaXNWxTElYaedjbTXSQ==",
      "requires": {
        "basic-data-handling": "~1.0.13",
        "value-index-pair-interface": "~1.0.1"
      }
    },
    "@writetome51/array-get-head-tail": {
      "version": "1.0.4",
      "resolved": "https://registry.npmjs.org/@writetome51/array-get-head-tail/-/array-get-head-tail-1.0.4.tgz",
      "integrity": "sha512-SpRqowsXOXz9B7PNQPcXmyqbtV+9/aJY71Or6dYBGSmz398g8a5yKxfv8VEs0jPzdESVesTPJIi0YxHgvI9Lyw==",
      "requires": {
        "@writetome51/array-get-adjacent-at": "~1.0.2"
      }
    },
    "@writetome51/array-get-indexes-basic": {
      "version": "1.0.7",
      "resolved": "https://registry.npmjs.org/@writetome51/array-get-indexes-basic/-/array-get-indexes-basic-1.0.7.tgz",
      "integrity": "sha512-0YKCrewndiO/VPLrf0ARsk0Hdg1/Asb6u/YZ0xjhkV2g5XOw5dum890uGTxVVi6rc51KRdS7oDs0mMcLTn+CAQ==",
      "requires": {
        "@writetome51/arrays-match": "~1.0.3",
        "basic-data-handling": "~1.0.13",
        "error-if-not-populated-array": "~1.0.0",
        "error-if-not-primitive-or-array": "~1.0.1",
        "error-if-values-are-not-arrays": "~1.0.2"
      }
    },
    "@writetome51/array-get-indexes-intermediate": {
      "version": "1.0.5",
      "resolved": "https://registry.npmjs.org/@writetome51/array-get-indexes-intermediate/-/array-get-indexes-intermediate-1.0.5.tgz",
      "integrity": "sha512-NNFi+67H8fSqHHIv5khrxIH3wyD2EL6qVEucmsEvIsWbdv1/T7UczzrP7duO1gink9Sm2n5j8PJnw0FYjjwcXQ==",
      "requires": {
        "@writetome51/array-get-indexes-basic": "~1.0.7",
        "@writetome51/arrays-match": "~1.0.4",
        "basic-data-handling": "~1.0.13",
        "error-if-not-primitive-or-array": "~1.0.1"
      }
    },
    "@writetome51/array-get-merged-arrays": {
      "version": "1.1.1",
      "resolved": "https://registry.npmjs.org/@writetome51/array-get-merged-arrays/-/array-get-merged-arrays-1.1.1.tgz",
      "integrity": "sha512-lLVBzAKcvq1xeHXACBcGgmkCAUFHuncYg6ARqjAwtYUIOK74XLPD8cRF+f2Ft0PODELLYGtyFtvmncjEec0arQ==",
      "requires": {
        "basic-data-handling": "~1.0.13"
      }
    },
    "@writetome51/array-get-shuffled": {
      "version": "1.0.4",
      "resolved": "https://registry.npmjs.org/@writetome51/array-get-shuffled/-/array-get-shuffled-1.0.4.tgz",
      "integrity": "sha512-of4KALQtQk7P8WjbFDU1JDmOtb+jh81RG/cMh/JgUXm713I8TY/bP5LNLjEo6T/VVT8WkHtd0si/9kcvAHhZlw==",
      "requires": {
        "@writetome51/array-get-copy": "~1.1.0",
        "@writetome51/get-random-integer-s": "~1.0.2"
      }
    },
    "@writetome51/array-get-unique-items": {
      "version": "1.1.1",
      "resolved": "https://registry.npmjs.org/@writetome51/array-get-unique-items/-/array-get-unique-items-1.1.1.tgz",
      "integrity": "sha512-a1boGgQU3Zud/QQoPKHN/LlKbbFvtQ+uGwINs/hv0WiTCm72tNUh3dsTk0FWfSOWuA2ye2dZnjH5c+5AKBl8IQ==",
      "requires": {
        "@writetome51/array-has": "~1.0.6",
        "@writetome51/not": "~1.0.3",
        "basic-data-handling": "~1.0.13"
      }
    },
    "@writetome51/array-has": {
      "version": "1.0.6",
      "resolved": "https://registry.npmjs.org/@writetome51/array-has/-/array-has-1.0.6.tgz",
      "integrity": "sha512-0Ws+Dg4IIdzENXa8vD2BCvJqgQ4aFNW6X07FbThVcyHwqzKws6C6LknECFuXIrlMBHl5wVdjEC9zKi6y4a4jCQ==",
      "requires": {
        "@writetome51/array-get-adjacent-at": "~1.0.1",
        "@writetome51/array-get-indexes-basic": "~1.0.6",
        "@writetome51/array-get-indexes-intermediate": "~1.0.4",
        "@writetome51/arrays-match": "~1.0.4",
        "basic-data-handling": "~1.0.13"
      }
    },
    "@writetome51/arrays-match": {
      "version": "1.0.4",
      "resolved": "https://registry.npmjs.org/@writetome51/arrays-match/-/arrays-match-1.0.4.tgz",
      "integrity": "sha512-lGsKy0igy34c0gggD8KgusyavX+KhQwbEiJvT6VjZ0Wj7eWELFOqzc4qnH5uB0zCn7PdOwAjXQu9XWUabA9Jcg==",
      "requires": {
        "basic-data-handling": "~1.0.13",
        "error-if-values-are-not-arrays": "~1.0.2"
      }
    },
    "@writetome51/base-class": {
      "version": "0.0.2",
      "resolved": "https://registry.npmjs.org/@writetome51/base-class/-/base-class-0.0.2.tgz",
      "integrity": "sha512-ILp2+5S3nEo8tNrzrAesYibRQCrlWNW86GJlS/RDgK8LMXCSc6QYcKd6MCOM4r9zRwSfOUzMXG2eZWdy66WkIw=="
    },
    "@writetome51/get-left-of-decimal": {
      "version": "1.0.3",
      "resolved": "https://registry.npmjs.org/@writetome51/get-left-of-decimal/-/get-left-of-decimal-1.0.3.tgz",
      "integrity": "sha512-SNsEETSqHEpW2ONAESgRT1ek6/6y2FHYQqKEfYJzisTJ//41KQbZxwGLFZOuIM+xoMnuD/kBDED90/Ngm9n2Ug==",
      "requires": {
        "basic-data-handling": "~1.0.13"
      }
    },
    "@writetome51/get-random-integer-s": {
      "version": "1.0.3",
      "resolved": "https://registry.npmjs.org/@writetome51/get-random-integer-s/-/get-random-integer-s-1.0.3.tgz",
      "integrity": "sha512-a+GudMl4jvi8mab88r5OeacKHDrTxndac4zkVcguMSDcbd0JWlFKpofKJad5Ea2dfC2E44o+K8xcF7c6nhRqmA==",
      "requires": {
        "@writetome51/get-rounded-up-down": "~1.0.7",
        "@writetome51/in-range": "~1.0.2",
        "basic-data-handling": "~1.0.13",
        "error-if-not-populated-array": "~1.0.1"
      }
    },
    "@writetome51/get-rounded-up-down": {
      "version": "1.0.8",
      "resolved": "https://registry.npmjs.org/@writetome51/get-rounded-up-down/-/get-rounded-up-down-1.0.8.tgz",
      "integrity": "sha512-s8VwxarGGFG+2M0osWxCob5/a8Pe1YEaNlQS16NlxQuQOR7NiUzWLEf3cHAf12ZtFLjK220IZ/jcCI7P8bNU5Q==",
      "requires": {
        "@writetome51/get-left-of-decimal": "~1.0.3",
        "basic-data-handling": "~1.0.13"
      }
    },
    "@writetome51/in-range": {
      "version": "1.0.2",
      "resolved": "https://registry.npmjs.org/@writetome51/in-range/-/in-range-1.0.2.tgz",
      "integrity": "sha512-bDgyG4lVuWfWaA7dGQWE9Jrw5KvMRwvCLxHmNUJ1leOzAgyo/Jl3pLKOCb9z8L6NKB4fXhDjj63fjEjVW3dQiQ==",
      "requires": {
        "basic-data-handling": "~1.0.13"
      }
    },
    "@writetome51/not": {
      "version": "1.0.3",
      "resolved": "https://registry.npmjs.org/@writetome51/not/-/not-1.0.3.tgz",
      "integrity": "sha512-MJrh50byG0cBuqhrSRMYxGGmYr5BVb7T6OmFeqL8pFuNUFh/lUIXFXScsYM0jlVYmKDhnYJg+QZTOFvvCdzuRw=="
    },
    "@writetome51/public-array-container": {
      "version": "2.0.1",
      "resolved": "https://registry.npmjs.org/@writetome51/public-array-container/-/public-array-container-2.0.1.tgz",
      "integrity": "sha512-/bUZTiuv21HKWVsKYDOdQEIvQxPTeyaVE64Gk5Hzgh5f11CUZiDb0cdgEdd4zFaGRnkCNsT9eMG+bJG4taVC+g==",
      "requires": {
        "@writetome51/base-class": "~0.0.1",
        "basic-data-handling": "~1.0.13",
        "public-data-container-interface": "~1.0.3"
      }
    },
    "basic-data-handling": {
      "version": "1.0.13",
      "resolved": "https://registry.npmjs.org/basic-data-handling/-/basic-data-handling-1.0.13.tgz",
      "integrity": "sha512-YRXUq0keESBb4XXzFAStPYJjviRx6CPPSzT/EfpMOLRfBrhnbBeKD2n+kfZyw2zvjreClf16xPF0tDjiLO+ogw=="
    },
    "error-if-not-populated-array": {
      "version": "1.0.1",
      "resolved": "https://registry.npmjs.org/error-if-not-populated-array/-/error-if-not-populated-array-1.0.1.tgz",
      "integrity": "sha512-XKN0WUVUNrDOsB1PuBRQJ4/tVOeFceioLm+QPOpCkQaZlD9vVYZf+pRrFIoiqzVno7bx7AI2lNIfMWf7gRarvg==",
      "requires": {
        "basic-data-handling": "~1.0.13"
      }
    },
    "error-if-not-primitive-or-array": {
      "version": "1.0.1",
      "resolved": "https://registry.npmjs.org/error-if-not-primitive-or-array/-/error-if-not-primitive-or-array-1.0.1.tgz",
      "integrity": "sha512-Ygj6CAR2z3x5VvaOrXIO0+wye4nysSW67jCDJ6LAMnyasgKleaDkF+xwg/lSk70i95RIiIa19CEVqx8CBdryOg==",
      "requires": {
        "basic-data-handling": "~1.0.13"
      }
    },
    "error-if-values-are-not-arrays": {
      "version": "1.0.2",
      "resolved": "https://registry.npmjs.org/error-if-values-are-not-arrays/-/error-if-values-are-not-arrays-1.0.2.tgz",
      "integrity": "sha512-HD4BW6LoQpF0aGVIW1UCsY8LLnB+19kGoYs2HaB8CcaBcGw0ed3XnwJTSb/sr8YqLFkhfFO5bsaFB8savUPKsw==",
      "requires": {
        "basic-data-handling": "~1.0.13"
      }
    },
    "public-data-container-interface": {
      "version": "1.0.3",
      "resolved": "https://registry.npmjs.org/public-data-container-interface/-/public-data-container-interface-1.0.3.tgz",
      "integrity": "sha512-/Ol+b7P3E/utnNkr/dwXZaVyYKt0/MnWiUxTCZmmLIjhfeMInR6Ki8sHgW7ESdUbQ3SyHZK5u03K1ifnUcxIIw=="
    },
    "typescript": {
      "version": "3.2.2",
      "resolved": "https://registry.npmjs.org/typescript/-/typescript-3.2.2.tgz",
      "integrity": "sha512-VCj5UiSyHBjwfYacmDuc/NOk4QQixbE+Wn7MFJuS0nRuPQbof132Pw4u53dm264O8LPc2MVsc7RJNml5szurkg==",
      "dev": true
    },
    "value-index-pair-interface": {
      "version": "1.0.1",
      "resolved": "https://registry.npmjs.org/value-index-pair-interface/-/value-index-pair-interface-1.0.1.tgz",
      "integrity": "sha512-Vk3EU8nH9ZXR21pBvEAkVb+h1eRGWRuoVWlJyUMC1r+TVXHWmGmhl7hm6YgJSngR3zXvPCJHnPfqFvS6N80Axw=="
    }
  }
}
