{
  "name": "@writetome51/public-array-getter",
  "version": "2.0.0",
  "lockfileVersion": 1,
  "requires": true,
  "dependencies": {
    "@writetome51/adjacent-to-value-info-interface": {
      "version": "1.0.2",
      "resolved": "https://registry.npmjs.org/@writetome51/adjacent-to-value-info-interface/-/adjacent-to-value-info-interface-1.0.2.tgz",
      "integrity": "sha512-rjqcohcCvzKfwLN+jyE1hHu3gfg1vgfChHFkCDctISj1cyBZQScQ8+dkGlF5wkWpIdwAhHh6VOPcfu9cfNEZ2Q=="
    },
    "@writetome51/array-and-index-validation": {
      "version": "1.0.6",
      "resolved": "https://registry.npmjs.org/@writetome51/array-and-index-validation/-/array-and-index-validation-1.0.6.tgz",
      "integrity": "sha512-GE0M3uhRSV6MJwu8cnsHxj5wkEPZ7OWehvsOGAQ1roUeItorJl7yvHzjkUZMKQoOPRpictr6r0Kj6zgopGu0gQ==",
      "requires": {
        "basic-data-handling": "~1.0.15",
        "error-if-not-populated-array": "~1.0.1"
      }
    },
    "@writetome51/array-get-adjacent-at": {
      "version": "1.0.3",
      "resolved": "https://registry.npmjs.org/@writetome51/array-get-adjacent-at/-/array-get-adjacent-at-1.0.3.tgz",
      "integrity": "sha512-Ae26Ly+h8Su9N663jsIIN1e8FNZnMA/SkVr2NJGIMipkOQUEVCQS2TuPn6Z4VdJqydOH61fQtrXXV3ofPnmATg==",
      "requires": {
        "@writetome51/array-and-index-validation": "~1.0.6",
        "basic-data-handling": "~1.0.15"
      }
    },
    "@writetome51/array-get-adjacent-to-value": {
      "version": "1.0.3",
      "resolved": "https://registry.npmjs.org/@writetome51/array-get-adjacent-to-value/-/array-get-adjacent-to-value-1.0.3.tgz",
      "integrity": "sha512-nG0HNRpjRvJwPZRvdphHD8+4USNz5Z+U690pEC1Yxn84OENJkYko21pbBZh6s5F6CjPeV9wYMKYYBYaguSBbTg==",
      "requires": {
        "@writetome51/adjacent-to-value-info-interface": "~1.0.2",
        "@writetome51/array-and-index-validation": "~1.0.6",
        "@writetome51/array-get-adjacent-at": "~1.0.3",
        "@writetome51/array-get-indexes": "~1.0.0",
        "basic-data-handling": "~1.0.15"
      }
    },
    "@writetome51/array-get-all-after": {
      "version": "1.0.0",
      "resolved": "https://registry.npmjs.org/@writetome51/array-get-all-after/-/array-get-all-after-1.0.0.tgz",
      "integrity": "sha512-+UilN2z8u0fMRHDLlEsQ8wyKuGTvM9YxHKsjCGY1vyag/jCpoU7McUjSQIwCSngQS6gFljdvkQWqemLeOUK8cg==",
      "requires": {
        "@writetome51/array-get-all-before-after-index": "~1.0.3",
        "@writetome51/array-get-indexes": "~1.0.0"
      }
    },
    "@writetome51/array-get-all-before": {
      "version": "1.0.0",
      "resolved": "https://registry.npmjs.org/@writetome51/array-get-all-before/-/array-get-all-before-1.0.0.tgz",
      "integrity": "sha512-rm91UygvI5mrFNir6oSoGW4HqhSbNVSEZH95PMGqcOkbM4c7dUCmqnd4O1jo592LYBiuRh1f2UsnPyoBFUfU2A==",
      "requires": {
        "@writetome51/array-get-all-before-after-index": "~1.0.3",
        "@writetome51/array-get-indexes": "~1.0.0"
      }
    },
    "@writetome51/array-get-all-before-after-index": {
      "version": "1.0.3",
      "resolved": "https://registry.npmjs.org/@writetome51/array-get-all-before-after-index/-/array-get-all-before-after-index-1.0.3.tgz",
      "integrity": "sha512-zrOSBOkj3DBNGlLghryhbHFNRZYAKUpSxKGxacW2WDDrnX4Ex+6VPxhOX/Ue4y/Ge1Ev2UJHcQB65fbyZdb+Hw==",
      "requires": {
        "@writetome51/array-and-index-validation": "~1.0.6",
        "@writetome51/array-get-head-tail": "~1.0.5"
      }
    },
    "@writetome51/array-get-between": {
      "version": "1.0.3",
      "resolved": "https://registry.npmjs.org/@writetome51/array-get-between/-/array-get-between-1.0.3.tgz",
      "integrity": "sha512-Ua5Q7yyWUkcUuyYwA+GMCPRx7PxLe7ZvmqPP3uZzwLNwtSHc8Owm+/LFVPMerg35MQvo+OtpPuc7KVtevedHuw==",
      "requires": {
        "@writetome51/array-get-adjacent-at": "~1.0.3",
        "basic-data-handling": "~1.0.15"
      }
    },
    "@writetome51/array-get-by-index": {
      "version": "1.0.2",
      "resolved": "https://registry.npmjs.org/@writetome51/array-get-by-index/-/array-get-by-index-1.0.2.tgz",
      "integrity": "sha512-Cnzu3QxxfCMcdQtg2NObTICzaEDDr3I2jc8k6kA3QFKUtwkukgnhIqcunL6CnWS58pTgeGfnfCrGIfHNV/kYig==",
      "requires": {
        "@writetome51/array-and-index-validation": "~1.0.6"
      }
    },
    "@writetome51/array-get-by-indexes": {
      "version": "1.0.3",
      "resolved": "https://registry.npmjs.org/@writetome51/array-get-by-indexes/-/array-get-by-indexes-1.0.3.tgz",
      "integrity": "sha512-UIrhiORvTQMB3Xo8fBn71O53FTG7SCIbpy+bGtHEAT7E7itHhubNlZW6pU7Z+O/gOfW7QzsTeSuBfVjpxaLGRA==",
      "requires": {
        "@writetome51/array-get-by-index": "~1.0.2",
        "error-if-values-are-not-arrays": "~1.0.2"
      }
    },
    "@writetome51/array-get-by-test": {
      "version": "1.0.0",
      "resolved": "https://registry.npmjs.org/@writetome51/array-get-by-test/-/array-get-by-test-1.0.0.tgz",
      "integrity": "sha512-DPXJMHF4hvLpS9/xEWO2bPJsPRtfa4pc5ugFjxHksQ2f3x/Ena9ve5Utf/O2LIhYcgXM3jte44jc4v1cbCIAww==",
      "requires": {
        "basic-data-handling": "~1.0.15",
        "value-index-pair-interface": "~1.0.1"
      }
    },
    "@writetome51/array-get-copy": {
      "version": "1.1.2",
      "resolved": "https://registry.npmjs.org/@writetome51/array-get-copy/-/array-get-copy-1.1.2.tgz",
      "integrity": "sha512-4qBC/5VlNe22PK8Ec0rilDCo1Q0vzGxsEGMRgw3Jojft1E/39psIm5C4ecnaJtYCWqF+fc76I2Q1ZqTEoyXphQ==",
      "requires": {
        "@writetome51/array-get-merged-arrays": "~1.1.2",
        "basic-data-handling": "~1.0.15"
      }
    },
    "@writetome51/array-get-duplicates": {
      "version": "1.1.2",
      "resolved": "https://registry.npmjs.org/@writetome51/array-get-duplicates/-/array-get-duplicates-1.1.2.tgz",
      "integrity": "sha512-MseOIfADTHCeLEX9Ske3x/P6KMJQ6GVY1BJaTD6LmBuEIaiKqhic+eJ2GO3hukxbpZDaahfy4eLy6k9Pml1nPw==",
      "requires": {
        "@writetome51/array-get-indexes": "~1.0.0",
        "@writetome51/array-get-unique-items": "~1.1.2",
        "basic-data-handling": "~1.0.15"
      }
    },
    "@writetome51/array-get-head-tail": {
      "version": "1.0.5",
      "resolved": "https://registry.npmjs.org/@writetome51/array-get-head-tail/-/array-get-head-tail-1.0.5.tgz",
      "integrity": "sha512-canuxZ6ER0XkhXuHKC3KVLSNGrILlhlzQ3haPJZ7cOfLS6X40848849Wxf1oid7t3NTj+9S5Y+n6C78cXNLv6g==",
      "requires": {
        "@writetome51/array-get-adjacent-at": "~1.0.3"
      }
    },
    "@writetome51/array-get-indexes": {
      "version": "1.0.0",
      "resolved": "https://registry.npmjs.org/@writetome51/array-get-indexes/-/array-get-indexes-1.0.0.tgz",
      "integrity": "sha512-Lc7fsQn7mJeTf7Z22TwFPbq8Ozz1BZ68XBfUzKtwADYHiC1Bgn0KW+aNklJHmjtSVictcRovjt1JcM0HacSMCA==",
      "requires": {
        "@writetome51/arrays-match": "~1.0.5",
        "basic-data-handling": "~1.0.15",
        "error-if-not-populated-array": "~1.0.1",
        "error-if-not-primitive-or-array": "~1.0.1",
        "error-if-values-are-not-arrays": "~1.0.2"
      }
    },
    "@writetome51/array-get-merged-arrays": {
      "version": "1.1.2",
      "resolved": "https://registry.npmjs.org/@writetome51/array-get-merged-arrays/-/array-get-merged-arrays-1.1.2.tgz",
      "integrity": "sha512-FBi1hLxhDXU2uNhMMaZwZD5uVownQ7EdfBkn0RljdkkfUsMB+PvIOpgx3uh2WYlZWWr8KMPAMPkatgT+uxdK8w==",
      "requires": {
        "basic-data-handling": "~1.0.15"
      }
    },
    "@writetome51/array-get-shuffled": {
      "version": "1.0.5",
      "resolved": "https://registry.npmjs.org/@writetome51/array-get-shuffled/-/array-get-shuffled-1.0.5.tgz",
      "integrity": "sha512-NECcZYGe3nMx+oRTda100kxsRbgRSc6q9Rrp2e6pK4g0XJmbr9mDKwomNRVirFiXfwqGrni2RH2gr3AzGBpsxg==",
      "requires": {
        "@writetome51/array-get-copy": "~1.1.2",
        "@writetome51/get-random-integer-s": "~1.0.4"
      }
    },
    "@writetome51/array-get-unique-items": {
      "version": "1.1.2",
      "resolved": "https://registry.npmjs.org/@writetome51/array-get-unique-items/-/array-get-unique-items-1.1.2.tgz",
      "integrity": "sha512-OkGirMlg3sOk6qBjSEW5a/K0ikc8kwulMN779Y/WK21Gz5CaaovUikczhvWOdKD9o2p3ieqrbYBdamuLKxh1fA==",
      "requires": {
        "@writetome51/array-has": "~1.0.7",
        "@writetome51/not": "~1.0.4",
        "basic-data-handling": "~1.0.15"
      }
    },
    "@writetome51/array-has": {
      "version": "1.0.7",
      "resolved": "https://registry.npmjs.org/@writetome51/array-has/-/array-has-1.0.7.tgz",
      "integrity": "sha512-T0sHKfLMvWGjKPo5KOceJsVKvo8sBCHHa/TmQZ3auuH74RCgt+hoEi5fBAIv5IXY5S76UXG8fvwPzFPiGP+flg==",
      "requires": {
        "@writetome51/array-get-adjacent-at": "~1.0.3",
        "@writetome51/array-get-indexes": "~1.0.0",
        "@writetome51/arrays-match": "~1.0.5",
        "basic-data-handling": "~1.0.15"
      }
    },
    "@writetome51/arrays-match": {
      "version": "1.0.5",
      "resolved": "https://registry.npmjs.org/@writetome51/arrays-match/-/arrays-match-1.0.5.tgz",
      "integrity": "sha512-hg5i3N8g2ChvaLEh2n7H4iaLeiCgRzd+JzqH/Zwx0t06JA5HsHZ6XheJe4UgAFVBrLvJiBiof6IqgPrzyRz/Aw==",
      "requires": {
        "basic-data-handling": "~1.0.15",
        "error-if-values-are-not-arrays": "~1.0.2"
      }
    },
    "@writetome51/base-class": {
      "version": "0.0.3",
      "resolved": "https://registry.npmjs.org/@writetome51/base-class/-/base-class-0.0.3.tgz",
      "integrity": "sha512-Z8WEg7FHtCq32gs55+CCRs4Vq9kOjLuDytzIjfgaYjNhOqjx2wI2sCD7c7x4qOuQ02yUmjilr2HN/nopjax2UA=="
    },
    "@writetome51/get-left-of-decimal": {
      "version": "1.0.4",
      "resolved": "https://registry.npmjs.org/@writetome51/get-left-of-decimal/-/get-left-of-decimal-1.0.4.tgz",
      "integrity": "sha512-7JYs3MAGAfkC098odGFcaBSVduoXfgEZuq5/Jwvj7ED+ip5iwNHu30NFphZlAR/iY66+zeLi3uGlBTJCVwqong==",
      "requires": {
        "basic-data-handling": "~1.0.15"
      }
    },
    "@writetome51/get-random-integer-s": {
      "version": "1.0.4",
      "resolved": "https://registry.npmjs.org/@writetome51/get-random-integer-s/-/get-random-integer-s-1.0.4.tgz",
      "integrity": "sha512-I9gwZNOUfpLVha6vj8hknylzCXmuCORtL4cJL6Rya7Iy7alZvrgJFs0F0KCuNY5NJ0quIi2kYwnRvWN58ZgI/Q==",
      "requires": {
        "@writetome51/get-rounded-up-down": "~1.0.9",
        "@writetome51/in-range": "~1.0.3",
        "basic-data-handling": "~1.0.15",
        "error-if-not-populated-array": "~1.0.1"
      }
    },
    "@writetome51/get-rounded-up-down": {
      "version": "1.0.9",
      "resolved": "https://registry.npmjs.org/@writetome51/get-rounded-up-down/-/get-rounded-up-down-1.0.9.tgz",
      "integrity": "sha512-4NV4xMOsF+PvZiNCdW/UJm+cM5hLTjLYKSlUcIbMauzHL6sgNdnfg678WuCWcxrOP2pLpz6riY4vJa0cgLOzQA==",
      "requires": {
        "@writetome51/get-left-of-decimal": "~1.0.4",
        "basic-data-handling": "~1.0.15"
      }
    },
    "@writetome51/in-range": {
      "version": "1.0.3",
      "resolved": "https://registry.npmjs.org/@writetome51/in-range/-/in-range-1.0.3.tgz",
      "integrity": "sha512-ec6cHmz0Km7RlBb6ya3y535p0gTLCTqycVw+IERiKgeIrNW+7X1rxSSsvOY1iXBFtRWpUx8yGGzEGE02o4sOBg==",
      "requires": {
        "basic-data-handling": "~1.0.15"
      }
    },
    "@writetome51/not": {
      "version": "1.0.4",
      "resolved": "https://registry.npmjs.org/@writetome51/not/-/not-1.0.4.tgz",
      "integrity": "sha512-SLkliFCiR73ChN8LvhAwFJikxgjVrl7vFlIh280eXpHUPts2IUto20chm9SSO7NVDp9g45WW/5st1bz643VXzg=="
    },
    "@writetome51/public-array-container": {
      "version": "2.0.2",
      "resolved": "https://registry.npmjs.org/@writetome51/public-array-container/-/public-array-container-2.0.2.tgz",
      "integrity": "sha512-a6Ra0OAOlFG7KDbquXi02h4b9OzqTP6Uxww0wardhw1Zg22ul2bQOgJJQoD+1miEEk0U5HbpwnEsfTCImYUo9A==",
      "requires": {
        "@writetome51/base-class": "~0.0.3",
        "basic-data-handling": "~1.0.15",
        "public-data-container-interface": "~1.0.3"
      }
    },
    "basic-data-handling": {
      "version": "1.0.15",
      "resolved": "https://registry.npmjs.org/basic-data-handling/-/basic-data-handling-1.0.15.tgz",
      "integrity": "sha512-HyXRwPTfhKacukW4mMJl+3IsFC+5NzMr9flzp+XBJhHol0eAZzLxYqP7w3Cme3cziKcshzoO7Zf/9C+bewJWpA=="
    },
    "error-if-not-populated-array": {
      "version": "1.0.1",
      "resolved": "https://registry.npmjs.org/error-if-not-populated-array/-/error-if-not-populated-array-1.0.1.tgz",
      "integrity": "sha512-XKN0WUVUNrDOsB1PuBRQJ4/tVOeFceioLm+QPOpCkQaZlD9vVYZf+pRrFIoiqzVno7bx7AI2lNIfMWf7gRarvg==",
      "requires": {
        "basic-data-handling": "~1.0.13"
      }
    },
    "error-if-not-primitive-or-array": {
      "version": "1.0.1",
      "resolved": "https://registry.npmjs.org/error-if-not-primitive-or-array/-/error-if-not-primitive-or-array-1.0.1.tgz",
      "integrity": "sha512-Ygj6CAR2z3x5VvaOrXIO0+wye4nysSW67jCDJ6LAMnyasgKleaDkF+xwg/lSk70i95RIiIa19CEVqx8CBdryOg==",
      "requires": {
        "basic-data-handling": "~1.0.13"
      }
    },
    "error-if-values-are-not-arrays": {
      "version": "1.0.2",
      "resolved": "https://registry.npmjs.org/error-if-values-are-not-arrays/-/error-if-values-are-not-arrays-1.0.2.tgz",
      "integrity": "sha512-HD4BW6LoQpF0aGVIW1UCsY8LLnB+19kGoYs2HaB8CcaBcGw0ed3XnwJTSb/sr8YqLFkhfFO5bsaFB8savUPKsw==",
      "requires": {
        "basic-data-handling": "~1.0.13"
      }
    },
    "public-data-container-interface": {
      "version": "1.0.3",
      "resolved": "https://registry.npmjs.org/public-data-container-interface/-/public-data-container-interface-1.0.3.tgz",
      "integrity": "sha512-/Ol+b7P3E/utnNkr/dwXZaVyYKt0/MnWiUxTCZmmLIjhfeMInR6Ki8sHgW7ESdUbQ3SyHZK5u03K1ifnUcxIIw=="
    },
    "typescript": {
      "version": "3.3.3333",
      "resolved": "https://registry.npmjs.org/typescript/-/typescript-3.3.3333.tgz",
      "integrity": "sha512-JjSKsAfuHBE/fB2oZ8NxtRTk5iGcg6hkYXMnZ3Wc+b2RSqejEqTaem11mHASMnFilHrax3sLK0GDzcJrekZYLw==",
      "dev": true
    },
    "value-index-pair-interface": {
      "version": "1.0.1",
      "resolved": "https://registry.npmjs.org/value-index-pair-interface/-/value-index-pair-interface-1.0.1.tgz",
      "integrity": "sha512-Vk3EU8nH9ZXR21pBvEAkVb+h1eRGWRuoVWlJyUMC1r+TVXHWmGmhl7hm6YgJSngR3zXvPCJHnPfqFvS6N80Axw=="
    }
  }
}
