{
  "name": "@writetome51/public-array-item-getter",
  "version": "1.0.0",
  "lockfileVersion": 1,
  "requires": true,
  "dependencies": {
    "@writetome51/adjacent-to-value-info-interface": {
      "version": "1.0.1",
      "resolved": "https://registry.npmjs.org/@writetome51/adjacent-to-value-info-interface/-/adjacent-to-value-info-interface-1.0.1.tgz",
      "integrity": "sha512-IQl1TMkZX6Z1Qzru/RRb1oLCtpWLjzWBa9A3DC/Bpwv6Ff1+0oeGreMCTR6H1h5toApxGtDuGWUO8HqjipPwqQ=="
    },
    "@writetome51/array-and-index-validation": {
      "version": "1.0.2",
      "resolved": "https://registry.npmjs.org/@writetome51/array-and-index-validation/-/array-and-index-validation-1.0.2.tgz",
      "integrity": "sha512-KHeEgYH93DLtHlEPryaabfIDdTx4mhmy98xsxlA9wvEjmu5yjM4XzjhLRIQlqzOCjEpwKJZT5Zs/hDXWcHA68g==",
      "requires": {
        "basic-data-handling": "^1.0.12"
      }
    },
    "@writetome51/array-get-adjacent-at": {
      "version": "1.0.1",
      "resolved": "https://registry.npmjs.org/@writetome51/array-get-adjacent-at/-/array-get-adjacent-at-1.0.1.tgz",
      "integrity": "sha512-oecneNlT2Zp3tRA6kibQj6ZE7ubJz2n1rvMu7ko0sOL6BgeupW/5B4BCcUTTw7BPbxbbsLvLapc1WxPA1Pmuvg==",
      "requires": {
        "@writetome51/array-and-index-validation": "^1.0.2",
        "basic-data-handling": "^1.0.12"
      }
    },
    "@writetome51/array-get-adjacent-to-value": {
      "version": "1.0.1",
      "resolved": "https://registry.npmjs.org/@writetome51/array-get-adjacent-to-value/-/array-get-adjacent-to-value-1.0.1.tgz",
      "integrity": "sha512-zTDMOmMG+M3Un3mI/LbrU0SEjdWY5Lnsr795V5Mx2PNP7Qjg8nc4B8Ev2PloXrENbIDQyb9y7UJ99QLSc2kQbw==",
      "requires": {
        "@writetome51/adjacent-to-value-info-interface": "^1.0.1",
        "@writetome51/array-and-index-validation": "^1.0.2",
        "@writetome51/array-get-adjacent-at": "^1.0.1",
        "@writetome51/array-get-indexes-basic": "^1.0.6",
        "basic-data-handling": "^1.0.12"
      }
    },
    "@writetome51/array-get-all-after-before-first": {
      "version": "1.0.1",
      "resolved": "https://registry.npmjs.org/@writetome51/array-get-all-after-before-first/-/array-get-all-after-before-first-1.0.1.tgz",
      "integrity": "sha512-cXltcfnh4jnoU8McjDX2laGEljSrh214LtQ9uaLn5rBpKD4OsIkaD7m050HhiFPLUUIYc1qmQSNhG/sWmabm+w==",
      "requires": {
        "@writetome51/array-get-all-before-after-index": "^1.0.0",
        "@writetome51/array-get-indexes-basic": "^1.0.6"
      }
    },
    "@writetome51/array-get-all-after-before-last": {
      "version": "1.0.1",
      "resolved": "https://registry.npmjs.org/@writetome51/array-get-all-after-before-last/-/array-get-all-after-before-last-1.0.1.tgz",
      "integrity": "sha512-P8PClynzK21lpkIXlytysqM9SE+JVEUqpgY3GZ6Tgdi3v0sdhDeDUG6G+uiAFQtUlwUM6EVJKm/xcABrBHszBQ==",
      "requires": {
        "@writetome51/array-get-all-before-after-index": "^1.0.0",
        "@writetome51/array-get-indexes-intermediate": "^1.0.4"
      }
    },
    "@writetome51/array-get-all-before-after-index": {
      "version": "1.0.0",
      "resolved": "https://registry.npmjs.org/@writetome51/array-get-all-before-after-index/-/array-get-all-before-after-index-1.0.0.tgz",
      "integrity": "sha512-YvuekrAnem1WjQyb/eOz8lp5n3aJVHA/ZpAehEISF8Hbcs+GAckOkjqpW6fnSztNqanig3fCwhUDr8hWQMFIWA==",
      "requires": {
        "@writetome51/array-and-index-validation": "^1.0.2",
        "@writetome51/array-get-head-tail": "^1.0.2"
      }
    },
    "@writetome51/array-get-between": {
      "version": "1.0.1",
      "resolved": "https://registry.npmjs.org/@writetome51/array-get-between/-/array-get-between-1.0.1.tgz",
      "integrity": "sha512-BQ56cvysuCtQdEcI+Yiwp1gQA9XO6FirsxlofPOmu7KaT/GIhtU7QcoohcaG6YbalnNJpORvKgggbtZT69DBaw==",
      "requires": {
        "@writetome51/array-get-adjacent-at": "^1.0.1",
        "basic-data-handling": "^1.0.12"
      }
    },
    "@writetome51/array-get-copy": {
      "version": "1.0.0",
      "resolved": "https://registry.npmjs.org/@writetome51/array-get-copy/-/array-get-copy-1.0.0.tgz",
      "integrity": "sha512-L7fW/PVVtow6slQHwByQ6E4vr0oDSssdyvPI2KfTpEqYe6KoRIZq8K9QF7S3J4jko0tTBC7Ot2iILvwAH6tqjA==",
      "requires": {
        "@writetome51/array-get-merged-arrays": "^1.0.0",
        "basic-data-handling": "^1.0.12"
      }
    },
    "@writetome51/array-get-duplicates": {
      "version": "1.0.1",
      "resolved": "https://registry.npmjs.org/@writetome51/array-get-duplicates/-/array-get-duplicates-1.0.1.tgz",
      "integrity": "sha512-VBo0GFDF9D2hYcuu5G+NpkcG7Ez/6O/DDY+QRVhfiCe+OpYSLGaoNhxgbB5YttoNiGoK1+iZUp9wkLndeZZt6A==",
      "requires": {
        "@writetome51/array-get-indexes-intermediate": "^1.0.4",
        "@writetome51/array-get-unique-items": "^1.0.3",
        "basic-data-handling": "^1.0.12"
      }
    },
    "@writetome51/array-get-filtered-results": {
      "version": "1.0.2",
      "resolved": "https://registry.npmjs.org/@writetome51/array-get-filtered-results/-/array-get-filtered-results-1.0.2.tgz",
      "integrity": "sha512-8/OeTsnPcuknzVzuehoAeU26WKHbh6yHAGx/7cTDSCkh3WOmq1U/IhnJ/ApGZMOfbcvJN1BpSW3QyO+s9HzBlQ==",
      "requires": {
        "basic-data-handling": "^1.0.12"
      }
    },
    "@writetome51/array-get-head-tail": {
      "version": "1.0.2",
      "resolved": "https://registry.npmjs.org/@writetome51/array-get-head-tail/-/array-get-head-tail-1.0.2.tgz",
      "integrity": "sha512-G5WY6SAdH420e834s+1LKJpVkOVr9R4milV3OP8U3d4ic+ORbVPXEQGaEFGg8rBTggwqWBMDRqGf1FcGqANKng==",
      "requires": {
        "@writetome51/array-get-adjacent-at": "^1.0.1"
      }
    },
    "@writetome51/array-get-indexes-basic": {
      "version": "1.0.6",
      "resolved": "https://registry.npmjs.org/@writetome51/array-get-indexes-basic/-/array-get-indexes-basic-1.0.6.tgz",
      "integrity": "sha512-iTrdbp2PR+ZYrIPAo6cpZZ3JwD37erhD0z5OZzEh1DaqhfBullBGzTAgo46RTMz4f/GyJ8EVlEzg7D8MO2QR2Q==",
      "requires": {
        "@writetome51/arrays-match": "^1.0.2",
        "basic-data-handling": "^1.0.12",
        "error-if-not-populated-array": "^1.0.0",
        "error-if-not-primitive-or-array": "^1.0.0",
        "error-if-values-are-not-arrays": "^1.0.0"
      }
    },
    "@writetome51/array-get-indexes-intermediate": {
      "version": "1.0.4",
      "resolved": "https://registry.npmjs.org/@writetome51/array-get-indexes-intermediate/-/array-get-indexes-intermediate-1.0.4.tgz",
      "integrity": "sha512-SosT35sRUfn8QnmToHym5ZJ3XVToFEmCFcjsrFB1mhHMeXDdlCsafpjjjd/98G6kOoz45IGFBRSjXGKVJqaGVQ==",
      "requires": {
        "@writetome51/array-get-indexes-basic": "^1.0.6",
        "@writetome51/arrays-match": "^1.0.2",
        "basic-data-handling": "^1.0.12",
        "error-if-not-primitive-or-array": "^1.0.0"
      }
    },
    "@writetome51/array-get-item": {
      "version": "1.0.0",
      "resolved": "https://registry.npmjs.org/@writetome51/array-get-item/-/array-get-item-1.0.0.tgz",
      "integrity": "sha512-73dApyyKZQUxd8Ef8fpw+8hF90vyn3JwTjFvLsdIQOwEIR6xcT8bl2I4kZtAKW7oUGbDNTSq5hYAq565oS5yOA==",
      "requires": {
        "@writetome51/array-and-index-validation": "^1.0.2"
      }
    },
    "@writetome51/array-get-merged-arrays": {
      "version": "1.0.0",
      "resolved": "https://registry.npmjs.org/@writetome51/array-get-merged-arrays/-/array-get-merged-arrays-1.0.0.tgz",
      "integrity": "sha512-ddiGRGzlAdfaDOaZAvF7KFGo0j8WcSRyCWn8UaHje36FJT0VoXewNAxQevTffVwWAnjDLHhAfC9NN6AOKSV3FA==",
      "requires": {
        "basic-data-handling": "^1.0.12"
      }
    },
    "@writetome51/array-get-shuffled": {
      "version": "1.0.2",
      "resolved": "https://registry.npmjs.org/@writetome51/array-get-shuffled/-/array-get-shuffled-1.0.2.tgz",
      "integrity": "sha512-JCJeMz70a9lh0988kTeV6Gf3lQC++0JrQuBJztzP4u8zNAzEBl57f8l6ESkvsHAH2sXZ5KBxQ2ZEuFWKQmTRpw==",
      "requires": {
        "@writetome51/array-get-copy": "^1.0.0",
        "@writetome51/get-random-integer-s": "^1.0.2"
      }
    },
    "@writetome51/array-get-unique-items": {
      "version": "1.0.3",
      "resolved": "https://registry.npmjs.org/@writetome51/array-get-unique-items/-/array-get-unique-items-1.0.3.tgz",
      "integrity": "sha512-Mlnt026rDGBPOIENnZ7DgoxC7gGpZMIwBD4XReCg6OecnS+cNMerzrfaNhMq/YA2OmePCtMNfdxGY9oSNlOYyA==",
      "requires": {
        "@writetome51/array-has": "^1.0.5",
        "@writetome51/arrays-match": "^1.0.2",
        "@writetome51/not": "^1.0.3",
        "basic-data-handling": "^1.0.12"
      }
    },
    "@writetome51/array-has": {
      "version": "1.0.5",
      "resolved": "https://registry.npmjs.org/@writetome51/array-has/-/array-has-1.0.5.tgz",
      "integrity": "sha512-kBFnbW0Rl9rUN4NBPChUVQ+4aGcySBqYktiGyGOLzq7OriZ2Vms67/xN//bkV7b54/JMM0trII+a65mK2vlG1w==",
      "requires": {
        "@writetome51/array-get-adjacent-at": "^1.0.1",
        "@writetome51/array-get-indexes-basic": "^1.0.6",
        "@writetome51/array-get-indexes-intermediate": "^1.0.4",
        "@writetome51/arrays-match": "^1.0.2",
        "basic-data-handling": "^1.0.12"
      }
    },
    "@writetome51/arrays-match": {
      "version": "1.0.2",
      "resolved": "https://registry.npmjs.org/@writetome51/arrays-match/-/arrays-match-1.0.2.tgz",
      "integrity": "sha512-A1+zLc2VbOcN9A29BFsyubt/w9OTbuA6ZOQJjPn381b/CEXWnglq2399Vt/310T/yRocQByycl8/JlrFbCN/Lg==",
      "requires": {
        "basic-data-handling": "^1.0.12",
        "error-if-values-are-not-arrays": "^1.0.0"
      }
    },
    "@writetome51/get-left-of-decimal": {
      "version": "1.0.1",
      "resolved": "https://registry.npmjs.org/@writetome51/get-left-of-decimal/-/get-left-of-decimal-1.0.1.tgz",
      "integrity": "sha512-kGKDvqzuDDGyjU7owU5eQqFRSiBUqkcefVFqGcdjt0D+YkrjVtCvwqHGBcYh4+50Aghddf6VQjWER2m4qzUsQw=="
    },
    "@writetome51/get-random-integer-s": {
      "version": "1.0.2",
      "resolved": "https://registry.npmjs.org/@writetome51/get-random-integer-s/-/get-random-integer-s-1.0.2.tgz",
      "integrity": "sha512-ceD62QQ2qmeVnX5Z90zbqfmjJR6tCA8HVgolFlEed4oLaBnXsQlQjQEsHz/jyTBBwzI71X45eDsJNrHUINN2Lg==",
      "requires": {
        "@writetome51/get-rounded-up-down": "^1.0.7",
        "@writetome51/in-range": "^1.0.0",
        "basic-data-handling": "^1.0.12",
        "error-if-not-populated-array": "^1.0.0"
      }
    },
    "@writetome51/get-rounded-up-down": {
      "version": "1.0.7",
      "resolved": "https://registry.npmjs.org/@writetome51/get-rounded-up-down/-/get-rounded-up-down-1.0.7.tgz",
      "integrity": "sha512-T1hcMwNRSgvQTOdrKz6dckeG4Msp5HMTkc+ovTzSSIWCYNMr+sTB85lJQWadA0Ey/KGVpAw1r5WgjGukK4mD9Q==",
      "requires": {
        "@writetome51/get-left-of-decimal": "^1.0.1",
        "basic-data-handling": "^1.0.12"
      }
    },
    "@writetome51/in-range": {
      "version": "1.0.0",
      "resolved": "https://registry.npmjs.org/@writetome51/in-range/-/in-range-1.0.0.tgz",
      "integrity": "sha512-L5qclxgiy63gp8IsgRXke09rIxO6bTxbYZMYBoe+rYlslkxuSt9FGRpW5Ps4yw9r85YGcNfBBZHU99Xfe8yYFg==",
      "requires": {
        "basic-data-handling": "^1.0.12"
      }
    },
    "@writetome51/not": {
      "version": "1.0.3",
      "resolved": "https://registry.npmjs.org/@writetome51/not/-/not-1.0.3.tgz",
      "integrity": "sha512-MJrh50byG0cBuqhrSRMYxGGmYr5BVb7T6OmFeqL8pFuNUFh/lUIXFXScsYM0jlVYmKDhnYJg+QZTOFvvCdzuRw=="
    },
    "@writetome51/public-array-container": {
      "version": "1.0.1",
      "resolved": "https://registry.npmjs.org/@writetome51/public-array-container/-/public-array-container-1.0.1.tgz",
      "integrity": "sha512-ooPPRf3l2jWc71yZ5Vl/LFEWDoJmbuMJG8MYCevVS74hM7YbzYLeNgUxdtxp8/BTofbtKQxTn0MD26DvVkL3BQ==",
      "requires": {
        "basic-data-handling": "^1.0.12",
        "batch-getter-setter": "^1.0.0",
        "public-data-container-interface": "^1.0.0"
      }
    },
    "basic-data-handling": {
      "version": "1.0.12",
      "resolved": "https://registry.npmjs.org/basic-data-handling/-/basic-data-handling-1.0.12.tgz",
      "integrity": "sha512-zeWSs51vDmRqvDkIewERsygFb5NDT24QbZZvZ7fz/Wusxy1yHvPDOhE46lJiBE+l+1CEQv96ZUES4IFvbRGMvA=="
    },
    "batch-getter-setter": {
      "version": "1.0.0",
      "resolved": "https://registry.npmjs.org/batch-getter-setter/-/batch-getter-setter-1.0.0.tgz",
      "integrity": "sha512-o4a6NURLje2lxgngkTknmT4DKv4pAekj+1YqU0UIPNmeAMW2SvyaNqeCVcA0x5pkTYcSu/0bvMGzSc4e3H8H1g==",
      "requires": {
        "method-chainable": "^1.0.0"
      }
    },
    "error-if-not-populated-array": {
      "version": "1.0.0",
      "resolved": "https://registry.npmjs.org/error-if-not-populated-array/-/error-if-not-populated-array-1.0.0.tgz",
      "integrity": "sha512-MFSzXiKW7NfuDW4L1Cw6BO5Fb65I0poOefRNTEoa40UdpzljNHQnfchVr2bNjqboxRrEHcYBIz85mxCC+wSrFg==",
      "requires": {
        "basic-data-handling": "^1.0.12"
      }
    },
    "error-if-not-primitive-or-array": {
      "version": "1.0.0",
      "resolved": "https://registry.npmjs.org/error-if-not-primitive-or-array/-/error-if-not-primitive-or-array-1.0.0.tgz",
      "integrity": "sha512-qYK8Pn22vPRHn+GBZMMYXEilIo5LwwVZ0ZwzuyQ5ZgA5Y2bdmE09S1YLVUOrkd0mcBBGBPIb8rBPqgtSAECPYQ==",
      "requires": {
        "basic-data-handling": "^1.0.12"
      }
    },
    "error-if-values-are-not-arrays": {
      "version": "1.0.0",
      "resolved": "https://registry.npmjs.org/error-if-values-are-not-arrays/-/error-if-values-are-not-arrays-1.0.0.tgz",
      "integrity": "sha512-Q1KHFzQWIZXb62qb259NRjcfE1UKa7CZVKGU8zgUoejYW++wpz/vIa5GvscNzigbO2jMgDXRlHxPC59aU7pP0w==",
      "requires": {
        "basic-data-handling": "^1.0.12"
      }
    },
    "method-chainable": {
      "version": "1.0.0",
      "resolved": "https://registry.npmjs.org/method-chainable/-/method-chainable-1.0.0.tgz",
      "integrity": "sha512-h1CpqXp1BFqFAlkQL6lydba1Qh/iLj1TjLZzQgCwfzahGF1oTT9ry5YWIbdDyQ3hqMpS5OM8rIEb/Hiz2L9N7Q==",
      "requires": {
        "self-identifiable": "^1.0.1"
      }
    },
    "public-data-container-interface": {
      "version": "1.0.0",
      "resolved": "https://registry.npmjs.org/public-data-container-interface/-/public-data-container-interface-1.0.0.tgz",
      "integrity": "sha512-h5xCewbGfkMTcVTawKOv3T5Q6WGxnBG7D6TBxWa8b5Ftahm7gJBO2RNnDfcA6cbsNwozWBoICyczWuT+i9bbag=="
    },
    "self-identifiable": {
      "version": "1.0.1",
      "resolved": "https://registry.npmjs.org/self-identifiable/-/self-identifiable-1.0.1.tgz",
      "integrity": "sha512-I3Rvcu0CKKBbRZJ/rS1PGY5vc/DFDW9/ioYNgPueR5bMds/qdpDMHNhlYT9fb7nDms6X6k3F5lJAL9j7M17pbQ=="
    }
  }
}
